
Microsoft Visual Studio Solution File, Format Version 12.00
# Visual Studio Version 17
VisualStudioVersion = 17.6.33829.357
MinimumVisualStudioVersion = 10.0.40219.1
Project("{FAE04EC0-301F-11D3-BF4B-00C04F79EFBC}") = "E-commProjectWithMasterPage", "E-commProjectWithMasterPage\E-commProjectWithMasterPage.csproj", "{F7779ED8-6083-4258-AA81-B513EF8AC997}"
EndProject
Global
	GlobalSection(SolutionConfigurationPlatforms) = preSolution
		Debug|Any CPU = Debug|Any CPU
		Release|Any CPU = Release|Any CPU
	EndGlobalSection
	GlobalSection(ProjectConfigurationPlatforms) = postSolution
		{F7779ED8-6083-4258-AA81-B513EF8AC997}.Debug|Any CPU.ActiveCfg = Debug|Any CPU
		{F7779ED8-6083-4258-AA81-B513EF8AC997}.Debug|Any CPU.Build.0 = Debug|Any CPU
		{F7779ED8-6083-4258-AA81-B513EF8AC997}.Release|Any CPU.ActiveCfg = Release|Any CPU
		{F7779ED8-6083-4258-AA81-B513EF8AC997}.Release|Any CPU.Build.0 = Release|Any CPU
	EndGlobalSection
	GlobalSection(SolutionProperties) = preSolution
		HideSolutionNode = FALSE
	EndGlobalSection
	GlobalSection(ExtensibilityGlobals) = postSolution
		SolutionGuid = {CACC840A-6582-4C2A-8AC6-C86E84837BB4}
	EndGlobalSection
EndGlobal
